
Microsoft Visual Studio Solution File, Format Version 12.00
# Visual Studio 14
VisualStudioVersion = 14.0.24720.0
MinimumVisualStudioVersion = 10.0.40219.1
Project("{FAE04EC0-301F-11D3-BF4B-00C04F79EFBC}") = "Stockfish.Cod.DataAccess", "Stockfish.Cod.DataAccess.csproj", "{A6AED96F-7DDF-478D-A081-5F02BD63EB57}"
EndProject
Project("{FAE04EC0-301F-11D3-BF4B-00C04F79EFBC}") = "DoingLambda", "..\DoingLambda\DoingLambda.csproj", "{3498F627-3AE2-4F08-A18B-726D3D8E4651}"
EndProject
Global
	GlobalSection(SolutionConfigurationPlatforms) = preSolution
		Debug|Any CPU = Debug|Any CPU
		Release|Any CPU = Release|Any CPU
	EndGlobalSection
	GlobalSection(ProjectConfigurationPlatforms) = postSolution
		{A6AED96F-7DDF-478D-A081-5F02BD63EB57}.Debug|Any CPU.ActiveCfg = Debug|Any CPU
		{A6AED96F-7DDF-478D-A081-5F02BD63EB57}.Debug|Any CPU.Build.0 = Debug|Any CPU
		{A6AED96F-7DDF-478D-A081-5F02BD63EB57}.Release|Any CPU.ActiveCfg = Release|Any CPU
		{A6AED96F-7DDF-478D-A081-5F02BD63EB57}.Release|Any CPU.Build.0 = Release|Any CPU
		{3498F627-3AE2-4F08-A18B-726D3D8E4651}.Debug|Any CPU.ActiveCfg = Debug|Any CPU
		{3498F627-3AE2-4F08-A18B-726D3D8E4651}.Debug|Any CPU.Build.0 = Debug|Any CPU
		{3498F627-3AE2-4F08-A18B-726D3D8E4651}.Release|Any CPU.ActiveCfg = Release|Any CPU
		{3498F627-3AE2-4F08-A18B-726D3D8E4651}.Release|Any CPU.Build.0 = Release|Any CPU
	EndGlobalSection
	GlobalSection(SolutionProperties) = preSolution
		HideSolutionNode = FALSE
	EndGlobalSection
EndGlobal
